
Microsoft Visual Studio Solution File, Format Version 12.00
# Visual Studio Version 17
VisualStudioVersion = 17.5.002.0
MinimumVisualStudioVersion = 10.0.40219.1
Project("{9A19103F-16F7-4668-BE54-9A1E7A4F7556}") = "NutriBem.Server", "NutriBem.Server.csproj", "{A4CD8E1F-ED99-4C5D-8FEF-C0A327EEB745}"
EndProject
Global
	GlobalSection(SolutionConfigurationPlatforms) = preSolution
		Debug|Any CPU = Debug|Any CPU
		Release|Any CPU = Release|Any CPU
	EndGlobalSection
	GlobalSection(ProjectConfigurationPlatforms) = postSolution
		{A4CD8E1F-ED99-4C5D-8FEF-C0A327EEB745}.Debug|Any CPU.ActiveCfg = Debug|Any CPU
		{A4CD8E1F-ED99-4C5D-8FEF-C0A327EEB745}.Debug|Any CPU.Build.0 = Debug|Any CPU
		{A4CD8E1F-ED99-4C5D-8FEF-C0A327EEB745}.Release|Any CPU.ActiveCfg = Release|Any CPU
		{A4CD8E1F-ED99-4C5D-8FEF-C0A327EEB745}.Release|Any CPU.Build.0 = Release|Any CPU
	EndGlobalSection
	GlobalSection(SolutionProperties) = preSolution
		HideSolutionNode = FALSE
	EndGlobalSection
	GlobalSection(ExtensibilityGlobals) = postSolution
		SolutionGuid = {24D6DD61-7E77-4786-991A-19ACF835770B}
	EndGlobalSection
EndGlobal
